
Microsoft Visual Studio Solution File, Format Version 12.00
# Visual Studio Version 17
VisualStudioVersion = 17.3.32825.248
MinimumVisualStudioVersion = 10.0.40219.1
Project("{FAE04EC0-301F-11D3-BF4B-00C04F79EFBC}") = "ToDoList", "ToDoList\ToDoList.csproj", "{21F58B5E-553F-419A-B75F-7C072042CA91}"
EndProject
Global
	GlobalSection(SolutionConfigurationPlatforms) = preSolution
		Debug|Any CPU = Debug|Any CPU
		Release|Any CPU = Release|Any CPU
	EndGlobalSection
	GlobalSection(ProjectConfigurationPlatforms) = postSolution
		{21F58B5E-553F-419A-B75F-7C072042CA91}.Debug|Any CPU.ActiveCfg = Debug|Any CPU
		{21F58B5E-553F-419A-B75F-7C072042CA91}.Debug|Any CPU.Build.0 = Debug|Any CPU
		{21F58B5E-553F-419A-B75F-7C072042CA91}.Release|Any CPU.ActiveCfg = Release|Any CPU
		{21F58B5E-553F-419A-B75F-7C072042CA91}.Release|Any CPU.Build.0 = Release|Any CPU
	EndGlobalSection
	GlobalSection(SolutionProperties) = preSolution
		HideSolutionNode = FALSE
	EndGlobalSection
	GlobalSection(ExtensibilityGlobals) = postSolution
		SolutionGuid = {955FCE9B-ED92-49DA-B0DC-11B21B3F060A}
	EndGlobalSection
EndGlobal
